
Microsoft Visual Studio Solution File, Format Version 12.00
# Visual Studio Version 17
VisualStudioVersion = 17.9.34607.119
MinimumVisualStudioVersion = 10.0.40219.1
Project("{9A19103F-16F7-4668-BE54-9A1E7A4F7556}") = "CleanArchitecture.Domain", "CleanArchitecture.Domain\CleanArchitecture.Domain.csproj", "{1D7FF54B-173B-4AAC-9BCD-44A2863F8D8C}"
EndProject
Project("{9A19103F-16F7-4668-BE54-9A1E7A4F7556}") = "CleanArchitecture.Infrastructure", "CleanArchitecture.Infrastructure\CleanArchitecture.Infrastructure.csproj", "{BCAF3730-C68B-4847-A672-85008575DCB6}"
EndProject
Project("{9A19103F-16F7-4668-BE54-9A1E7A4F7556}") = "CleanArchitecture.Application", "CleanArchitecture.Application\CleanArchitecture.Application.csproj", "{BC9D8F16-9699-4E71-8250-55DD4405DB06}"
EndProject
Project("{FAE04EC0-301F-11D3-BF4B-00C04F79EFBC}") = "CleanArchitecture.Api", "CleanArchitecture.Api\CleanArchitecture.Api.csproj", "{7E148C61-3C57-448C-95FE-4E165B62FD4D}"
EndProject
Global
	GlobalSection(SolutionConfigurationPlatforms) = preSolution
		Debug|Any CPU = Debug|Any CPU
		Release|Any CPU = Release|Any CPU
	EndGlobalSection
	GlobalSection(ProjectConfigurationPlatforms) = postSolution
		{1D7FF54B-173B-4AAC-9BCD-44A2863F8D8C}.Debug|Any CPU.ActiveCfg = Debug|Any CPU
		{1D7FF54B-173B-4AAC-9BCD-44A2863F8D8C}.Debug|Any CPU.Build.0 = Debug|Any CPU
		{1D7FF54B-173B-4AAC-9BCD-44A2863F8D8C}.Release|Any CPU.ActiveCfg = Release|Any CPU
		{1D7FF54B-173B-4AAC-9BCD-44A2863F8D8C}.Release|Any CPU.Build.0 = Release|Any CPU
		{BCAF3730-C68B-4847-A672-85008575DCB6}.Debug|Any CPU.ActiveCfg = Debug|Any CPU
		{BCAF3730-C68B-4847-A672-85008575DCB6}.Debug|Any CPU.Build.0 = Debug|Any CPU
		{BCAF3730-C68B-4847-A672-85008575DCB6}.Release|Any CPU.ActiveCfg = Release|Any CPU
		{BCAF3730-C68B-4847-A672-85008575DCB6}.Release|Any CPU.Build.0 = Release|Any CPU
		{BC9D8F16-9699-4E71-8250-55DD4405DB06}.Debug|Any CPU.ActiveCfg = Debug|Any CPU
		{BC9D8F16-9699-4E71-8250-55DD4405DB06}.Debug|Any CPU.Build.0 = Debug|Any CPU
		{BC9D8F16-9699-4E71-8250-55DD4405DB06}.Release|Any CPU.ActiveCfg = Release|Any CPU
		{BC9D8F16-9699-4E71-8250-55DD4405DB06}.Release|Any CPU.Build.0 = Release|Any CPU
		{7E148C61-3C57-448C-95FE-4E165B62FD4D}.Debug|Any CPU.ActiveCfg = Debug|Any CPU
		{7E148C61-3C57-448C-95FE-4E165B62FD4D}.Debug|Any CPU.Build.0 = Debug|Any CPU
		{7E148C61-3C57-448C-95FE-4E165B62FD4D}.Release|Any CPU.ActiveCfg = Release|Any CPU
		{7E148C61-3C57-448C-95FE-4E165B62FD4D}.Release|Any CPU.Build.0 = Release|Any CPU
	EndGlobalSection
	GlobalSection(SolutionProperties) = preSolution
		HideSolutionNode = FALSE
	EndGlobalSection
	GlobalSection(ExtensibilityGlobals) = postSolution
		SolutionGuid = {2BA91C1C-C2DA-46D4-85D2-C8637E181A07}
	EndGlobalSection
EndGlobal
